
Microsoft Visual Studio Solution File, Format Version 12.00
# Visual Studio Version 17
VisualStudioVersion = 17.4.33213.308
MinimumVisualStudioVersion = 10.0.40219.1
Project("{FAE04EC0-301F-11D3-BF4B-00C04F79EFBC}") = "Entities", "Entities\Entities.csproj", "{65ACA9FF-7DAB-4862-BD9E-4B97BC31B1B4}"
EndProject
Project("{FAE04EC0-301F-11D3-BF4B-00C04F79EFBC}") = "DataAccess", "DataAccess\DataAccess.csproj", "{37564A0C-14DF-449A-9107-DF12BA951D34}"
EndProject
Project("{FAE04EC0-301F-11D3-BF4B-00C04F79EFBC}") = "Business", "Business\Business.csproj", "{758B06AE-22B4-4E60-855E-9D53A3F9D05C}"
EndProject
Project("{FAE04EC0-301F-11D3-BF4B-00C04F79EFBC}") = "Core", "Core\Core.csproj", "{AFC9AB4E-69D4-49BE-8526-E57E11AE5A6B}"
EndProject
Project("{FAE04EC0-301F-11D3-BF4B-00C04F79EFBC}") = "WebAPI", "WebAPI\WebAPI.csproj", "{3AD269C8-0B80-4FEE-8F92-CE04A71D9AB1}"
EndProject
Global
	GlobalSection(SolutionConfigurationPlatforms) = preSolution
		Debug|Any CPU = Debug|Any CPU
		Release|Any CPU = Release|Any CPU
	EndGlobalSection
	GlobalSection(ProjectConfigurationPlatforms) = postSolution
		{65ACA9FF-7DAB-4862-BD9E-4B97BC31B1B4}.Debug|Any CPU.ActiveCfg = Debug|Any CPU
		{65ACA9FF-7DAB-4862-BD9E-4B97BC31B1B4}.Debug|Any CPU.Build.0 = Debug|Any CPU
		{65ACA9FF-7DAB-4862-BD9E-4B97BC31B1B4}.Release|Any CPU.ActiveCfg = Release|Any CPU
		{65ACA9FF-7DAB-4862-BD9E-4B97BC31B1B4}.Release|Any CPU.Build.0 = Release|Any CPU
		{37564A0C-14DF-449A-9107-DF12BA951D34}.Debug|Any CPU.ActiveCfg = Debug|Any CPU
		{37564A0C-14DF-449A-9107-DF12BA951D34}.Debug|Any CPU.Build.0 = Debug|Any CPU
		{37564A0C-14DF-449A-9107-DF12BA951D34}.Release|Any CPU.ActiveCfg = Release|Any CPU
		{37564A0C-14DF-449A-9107-DF12BA951D34}.Release|Any CPU.Build.0 = Release|Any CPU
		{758B06AE-22B4-4E60-855E-9D53A3F9D05C}.Debug|Any CPU.ActiveCfg = Debug|Any CPU
		{758B06AE-22B4-4E60-855E-9D53A3F9D05C}.Debug|Any CPU.Build.0 = Debug|Any CPU
		{758B06AE-22B4-4E60-855E-9D53A3F9D05C}.Release|Any CPU.ActiveCfg = Release|Any CPU
		{758B06AE-22B4-4E60-855E-9D53A3F9D05C}.Release|Any CPU.Build.0 = Release|Any CPU
		{AFC9AB4E-69D4-49BE-8526-E57E11AE5A6B}.Debug|Any CPU.ActiveCfg = Debug|Any CPU
		{AFC9AB4E-69D4-49BE-8526-E57E11AE5A6B}.Debug|Any CPU.Build.0 = Debug|Any CPU
		{AFC9AB4E-69D4-49BE-8526-E57E11AE5A6B}.Release|Any CPU.ActiveCfg = Release|Any CPU
		{AFC9AB4E-69D4-49BE-8526-E57E11AE5A6B}.Release|Any CPU.Build.0 = Release|Any CPU
		{3AD269C8-0B80-4FEE-8F92-CE04A71D9AB1}.Debug|Any CPU.ActiveCfg = Debug|Any CPU
		{3AD269C8-0B80-4FEE-8F92-CE04A71D9AB1}.Debug|Any CPU.Build.0 = Debug|Any CPU
		{3AD269C8-0B80-4FEE-8F92-CE04A71D9AB1}.Release|Any CPU.ActiveCfg = Release|Any CPU
		{3AD269C8-0B80-4FEE-8F92-CE04A71D9AB1}.Release|Any CPU.Build.0 = Release|Any CPU
	EndGlobalSection
	GlobalSection(SolutionProperties) = preSolution
		HideSolutionNode = FALSE
	EndGlobalSection
	GlobalSection(ExtensibilityGlobals) = postSolution
		SolutionGuid = {FE68DF91-09FF-4005-9C5F-C3F39C37A9DB}
	EndGlobalSection
EndGlobal
